// !$*UTF8*$!
{
	archiveVersion = 1;
	classes = {
	};
	objectVersion = 60;
	objects = {

/* Begin PBXBuildFile section */
		490E00AD2CC19D0D003E1515 /* AppDelegate.swift in Sources */ = {isa = PBXBuildFile; fileRef = 490E00AC2CC19D0D003E1515 /* AppDelegate.swift */; };
		490E00AF2CC19D0D003E1515 /* SceneDelegate.swift in Sources */ = {isa = PBXBuildFile; fileRef = 490E00AE2CC19D0D003E1515 /* SceneDelegate.swift */; };
		490E00B12CC19D0D003E1515 /* DynamicTypeStylesViewController.swift in Sources */ = {isa = PBXBuildFile; fileRef = 490E00B02CC19D0D003E1515 /* DynamicTypeStylesViewController.swift */; };
		490E00B42CC19D0D003E1515 /* Base in Resources */ = {isa = PBXBuildFile; fileRef = 490E00B32CC19D0D003E1515 /* Base */; };
		490E00B62CC19D0E003E1515 /* Assets.xcassets in Resources */ = {isa = PBXBuildFile; fileRef = 490E00B52CC19D0E003E1515 /* Assets.xcassets */; };
		490E00B92CC19D0E003E1515 /* Base in Resources */ = {isa = PBXBuildFile; fileRef = 490E00B82CC19D0E003E1515 /* Base */; };
		490E01D72CC2ECB6003E1515 /* SharedFonts in Frameworks */ = {isa = PBXBuildFile; productRef = 490E01D62CC2ECB6003E1515 /* SharedFonts */; };
/* End PBXBuildFile section */

/* Begin PBXFileReference section */
		490E00A92CC19D0D003E1515 /* DynamicTypeStyles.app */ = {isa = PBXFileReference; explicitFileType = wrapper.application; includeInIndex = 0; path = DynamicTypeStyles.app; sourceTree = BUILT_PRODUCTS_DIR; };
		490E00AC2CC19D0D003E1515 /* AppDelegate.swift */ = {isa = PBXFileReference; lastKnownFileType = sourcecode.swift; path = AppDelegate.swift; sourceTree = "<group>"; };
		490E00AE2CC19D0D003E1515 /* SceneDelegate.swift */ = {isa = PBXFileReference; lastKnownFileType = sourcecode.swift; path = SceneDelegate.swift; sourceTree = "<group>"; };
		490E00B02CC19D0D003E1515 /* DynamicTypeStylesViewController.swift */ = {isa = PBXFileReference; lastKnownFileType = sourcecode.swift; path = DynamicTypeStylesViewController.swift; sourceTree = "<group>"; };
		490E00B32CC19D0D003E1515 /* Base */ = {isa = PBXFileReference; lastKnownFileType = file.storyboard; name = Base; path = Base.lproj/Main.storyboard; sourceTree = "<group>"; };
		490E00B52CC19D0E003E1515 /* Assets.xcassets */ = {isa = PBXFileReference; lastKnownFileType = folder.assetcatalog; path = Assets.xcassets; sourceTree = "<group>"; };
		490E00B82CC19D0E003E1515 /* Base */ = {isa = PBXFileReference; lastKnownFileType = file.storyboard; name = Base; path = Base.lproj/LaunchScreen.storyboard; sourceTree = "<group>"; };
		490E00C02CC19D36003E1515 /* DynamicTypeStyles.entitlements */ = {isa = PBXFileReference; lastKnownFileType = text.plist.entitlements; path = DynamicTypeStyles.entitlements; sourceTree = "<group>"; };
/* End PBXFileReference section */

/* Begin PBXFrameworksBuildPhase section */
		490E00A62CC19D0D003E1515 /* Frameworks */ = {
			isa = PBXFrameworksBuildPhase;
			buildActionMask = 2147483647;
			files = (
				490E01D72CC2ECB6003E1515 /* SharedFonts in Frameworks */,
			);
			runOnlyForDeploymentPostprocessing = 0;
		};
/* End PBXFrameworksBuildPhase section */

/* Begin PBXGroup section */
		490E00A02CC19D0D003E1515 = {
			isa = PBXGroup;
			children = (
				490E00AB2CC19D0D003E1515 /* DynamicTypeStyles */,
				490E00AA2CC19D0D003E1515 /* Products */,
			);
			sourceTree = "<group>";
		};
		490E00AA2CC19D0D003E1515 /* Products */ = {
			isa = PBXGroup;
			children = (
				490E00A92CC19D0D003E1515 /* DynamicTypeStyles.app */,
			);
			name = Products;
			sourceTree = "<group>";
		};
		490E00AB2CC19D0D003E1515 /* DynamicTypeStyles */ = {
			isa = PBXGroup;
			children = (
				490E00AC2CC19D0D003E1515 /* AppDelegate.swift */,
				490E00AE2CC19D0D003E1515 /* SceneDelegate.swift */,
				490E00B02CC19D0D003E1515 /* DynamicTypeStylesViewController.swift */,
				490E00B22CC19D0D003E1515 /* Main.storyboard */,
				490E00B72CC19D0E003E1515 /* LaunchScreen.storyboard */,
				490E00C02CC19D36003E1515 /* DynamicTypeStyles.entitlements */,
				490E00B52CC19D0E003E1515 /* Assets.xcassets */,
			);
			path = DynamicTypeStyles;
			sourceTree = "<group>";
		};
/* End PBXGroup section */

/* Begin PBXNativeTarget section */
		490E00A82CC19D0D003E1515 /* DynamicTypeStyles */ = {
			isa = PBXNativeTarget;
			buildConfigurationList = 490E00BD2CC19D0E003E1515 /* Build configuration list for PBXNativeTarget "DynamicTypeStyles" */;
			buildPhases = (
				490E00A52CC19D0D003E1515 /* Sources */,
				490E00A62CC19D0D003E1515 /* Frameworks */,
				490E00A72CC19D0D003E1515 /* Resources */,
			);
			buildRules = (
			);
			dependencies = (
			);
			name = DynamicTypeStyles;
			packageProductDependencies = (
				490E01D62CC2ECB6003E1515 /* SharedFonts */,
			);
			productName = CustomFontStyles;
			productReference = 490E00A92CC19D0D003E1515 /* DynamicTypeStyles.app */;
			productType = "com.apple.product-type.application";
		};
/* End PBXNativeTarget section */

/* Begin PBXProject section */
		490E00A12CC19D0D003E1515 /* Project object */ = {
			isa = PBXProject;
			attributes = {
				BuildIndependentTargetsInParallel = 1;
				LastSwiftUpdateCheck = 1530;
				LastUpgradeCheck = 1530;
				TargetAttributes = {
					490E00A82CC19D0D003E1515 = {
						CreatedOnToolsVersion = 15.3;
					};
				};
			};
			buildConfigurationList = 490E00A42CC19D0D003E1515 /* Build configuration list for PBXProject "DynamicTypeStyles" */;
			compatibilityVersion = "Xcode 14.0";
			developmentRegion = en;
			hasScannedForEncodings = 0;
			knownRegions = (
				en,
				Base,
			);
			mainGroup = 490E00A02CC19D0D003E1515;
			packageReferences = (
				490E01D52CC2ECB6003E1515 /* XCLocalSwiftPackageReference "../SharedFonts" */,
			);
			productRefGroup = 490E00AA2CC19D0D003E1515 /* Products */;
			projectDirPath = "";
			projectRoot = "";
			targets = (
				490E00A82CC19D0D003E1515 /* DynamicTypeStyles */,
			);
		};
/* End PBXProject section */

/* Begin PBXResourcesBuildPhase section */
		490E00A72CC19D0D003E1515 /* Resources */ = {
			isa = PBXResourcesBuildPhase;
			buildActionMask = 2147483647;
			files = (
				490E00B62CC19D0E003E1515 /* Assets.xcassets in Resources */,
				490E00B92CC19D0E003E1515 /* Base in Resources */,
				490E00B42CC19D0D003E1515 /* Base in Resources */,
			);
			runOnlyForDeploymentPostprocessing = 0;
		};
/* End PBXResourcesBuildPhase section */

/* Begin PBXSourcesBuildPhase section */
		490E00A52CC19D0D003E1515 /* Sources */ = {
			isa = PBXSourcesBuildPhase;
			buildActionMask = 2147483647;
			files = (
				490E00B12CC19D0D003E1515 /* DynamicTypeStylesViewController.swift in Sources */,
				490E00AD2CC19D0D003E1515 /* AppDelegate.swift in Sources */,
				490E00AF2CC19D0D003E1515 /* SceneDelegate.swift in Sources */,
			);
			runOnlyForDeploymentPostprocessing = 0;
		};
/* End PBXSourcesBuildPhase section */

/* Begin PBXVariantGroup section */
		490E00B22CC19D0D003E1515 /* Main.storyboard */ = {
			isa = PBXVariantGroup;
			children = (
				490E00B32CC19D0D003E1515 /* Base */,
			);
			name = Main.storyboard;
			sourceTree = "<group>";
		};
		490E00B72CC19D0E003E1515 /* LaunchScreen.storyboard */ = {
			isa = PBXVariantGroup;
			children = (
				490E00B82CC19D0E003E1515 /* Base */,
			);
			name = LaunchScreen.storyboard;
			sourceTree = "<group>";
		};
/* End PBXVariantGroup section */

/* Begin XCBuildConfiguration section */
		490E00BB2CC19D0E003E1515 /* Debug */ = {
			isa = XCBuildConfiguration;
			buildSettings = {
				ALWAYS_SEARCH_USER_PATHS = NO;
				ASSETCATALOG_COMPILER_GENERATE_SWIFT_ASSET_SYMBOL_EXTENSIONS = YES;
				CLANG_ANALYZER_NONNULL = YES;
				CLANG_ANALYZER_NUMBER_OBJECT_CONVERSION = YES_AGGRESSIVE;
				CLANG_CXX_LANGUAGE_STANDARD = "gnu++20";
				CLANG_ENABLE_MODULES = YES;
				CLANG_ENABLE_OBJC_ARC = YES;
				CLANG_ENABLE_OBJC_WEAK = YES;
				CLANG_WARN_BLOCK_CAPTURE_AUTORELEASING = YES;
				CLANG_WARN_BOOL_CONVERSION = YES;
				CLANG_WARN_COMMA = YES;
				CLANG_WARN_CONSTANT_CONVERSION = YES;
				CLANG_WARN_DEPRECATED_OBJC_IMPLEMENTATIONS = YES;
				CLANG_WARN_DIRECT_OBJC_ISA_USAGE = YES_ERROR;
				CLANG_WARN_DOCUMENTATION_COMMENTS = YES;
				CLANG_WARN_EMPTY_BODY = YES;
				CLANG_WARN_ENUM_CONVERSION = YES;
				CLANG_WARN_INFINITE_RECURSION = YES;
				CLANG_WARN_INT_CONVERSION = YES;
				CLANG_WARN_NON_LITERAL_NULL_CONVERSION = YES;
				CLANG_WARN_OBJC_IMPLICIT_RETAIN_SELF = YES;
				CLANG_WARN_OBJC_LITERAL_CONVERSION = YES;
				CLANG_WARN_OBJC_ROOT_CLASS = YES_ERROR;
				CLANG_WARN_QUOTED_INCLUDE_IN_FRAMEWORK_HEADER = YES;
				CLANG_WARN_RANGE_LOOP_ANALYSIS = YES;
				CLANG_WARN_STRICT_PROTOTYPES = YES;
				CLANG_WARN_SUSPICIOUS_MOVE = YES;
				CLANG_WARN_UNGUARDED_AVAILABILITY = YES_AGGRESSIVE;
				CLANG_WARN_UNREACHABLE_CODE = YES;
				CLANG_WARN__DUPLICATE_METHOD_MATCH = YES;
				COPY_PHASE_STRIP = NO;
				DEBUG_INFORMATION_FORMAT = dwarf;
				ENABLE_STRICT_OBJC_MSGSEND = YES;
				ENABLE_TESTABILITY = YES;
				ENABLE_USER_SCRIPT_SANDBOXING = YES;
				GCC_C_LANGUAGE_STANDARD = gnu17;
				GCC_DYNAMIC_NO_PIC = NO;
				GCC_NO_COMMON_BLOCKS = YES;
				GCC_OPTIMIZATION_LEVEL = 0;
				GCC_PREPROCESSOR_DEFINITIONS = (
					"DEBUG=1",
					"$(inherited)",
				);
				GCC_WARN_64_TO_32_BIT_CONVERSION = YES;
				GCC_WARN_ABOUT_RETURN_TYPE = YES_ERROR;
				GCC_WARN_UNDECLARED_SELECTOR = YES;
				GCC_WARN_UNINITIALIZED_AUTOS = YES_AGGRESSIVE;
				GCC_WARN_UNUSED_FUNCTION = YES;
				GCC_WARN_UNUSED_VARIABLE = YES;
				IPHONEOS_DEPLOYMENT_TARGET = 16.0;
				LOCALIZATION_PREFERS_STRING_CATALOGS = YES;
				MTL_ENABLE_DEBUG_INFO = INCLUDE_SOURCE;
				MTL_FAST_MATH = YES;
				ONLY_ACTIVE_ARCH = YES;
				SDKROOT = iphoneos;
				SWIFT_ACTIVE_COMPILATION_CONDITIONS = "DEBUG $(inherited)";
				SWIFT_OPTIMIZATION_LEVEL = "-Onone";
			};
			name = Debug;
		};
		490E00BC2CC19D0E003E1515 /* Release */ = {
			isa = XCBuildConfiguration;
			buildSettings = {
				ALWAYS_SEARCH_USER_PATHS = NO;
				ASSETCATALOG_COMPILER_GENERATE_SWIFT_ASSET_SYMBOL_EXTENSIONS = YES;
				CLANG_ANALYZER_NONNULL = YES;
				CLANG_ANALYZER_NUMBER_OBJECT_CONVERSION = YES_AGGRESSIVE;
				CLANG_CXX_LANGUAGE_STANDARD = "gnu++20";
				CLANG_ENABLE_MODULES = YES;
				CLANG_ENABLE_OBJC_ARC = YES;
				CLANG_ENABLE_OBJC_WEAK = YES;
				CLANG_WARN_BLOCK_CAPTURE_AUTORELEASING = YES;
				CLANG_WARN_BOOL_CONVERSION = YES;
				CLANG_WARN_COMMA = YES;
				CLANG_WARN_CONSTANT_CONVERSION = YES;
				CLANG_WARN_DEPRECATED_OBJC_IMPLEMENTATIONS = YES;
				CLANG_WARN_DIRECT_OBJC_ISA_USAGE = YES_ERROR;
				CLANG_WARN_DOCUMENTATION_COMMENTS = YES;
				CLANG_WARN_EMPTY_BODY = YES;
				CLANG_WARN_ENUM_CONVERSION = YES;
				CLANG_WARN_INFINITE_RECURSION = YES;
				CLANG_WARN_INT_CONVERSION = YES;
				CLANG_WARN_NON_LITERAL_NULL_CONVERSION = YES;
				CLANG_WARN_OBJC_IMPLICIT_RETAIN_SELF = YES;
				CLANG_WARN_OBJC_LITERAL_CONVERSION = YES;
				CLANG_WARN_OBJC_ROOT_CLASS = YES_ERROR;
				CLANG_WARN_QUOTED_INCLUDE_IN_FRAMEWORK_HEADER = YES;
				CLANG_WARN_RANGE_LOOP_ANALYSIS = YES;
				CLANG_WARN_STRICT_PROTOTYPES = YES;
				CLANG_WARN_SUSPICIOUS_MOVE = YES;
				CLANG_WARN_UNGUARDED_AVAILABILITY = YES_AGGRESSIVE;
				CLANG_WARN_UNREACHABLE_CODE = YES;
				CLANG_WARN__DUPLICATE_METHOD_MATCH = YES;
				COPY_PHASE_STRIP = NO;
				DEBUG_INFORMATION_FORMAT = "dwarf-with-dsym";
				ENABLE_NS_ASSERTIONS = NO;
				ENABLE_STRICT_OBJC_MSGSEND = YES;
				ENABLE_USER_SCRIPT_SANDBOXING = YES;
				GCC_C_LANGUAGE_STANDARD = gnu17;
				GCC_NO_COMMON_BLOCKS = YES;
				GCC_WARN_64_TO_32_BIT_CONVERSION = YES;
				GCC_WARN_ABOUT_RETURN_TYPE = YES_ERROR;
				GCC_WARN_UNDECLARED_SELECTOR = YES;
				GCC_WARN_UNINITIALIZED_AUTOS = YES_AGGRESSIVE;
				GCC_WARN_UNUSED_FUNCTION = YES;
				GCC_WARN_UNUSED_VARIABLE = YES;
				IPHONEOS_DEPLOYMENT_TARGET = 16.0;
				LOCALIZATION_PREFERS_STRING_CATALOGS = YES;
				MTL_ENABLE_DEBUG_INFO = NO;
				MTL_FAST_MATH = YES;
				SDKROOT = iphoneos;
				SWIFT_COMPILATION_MODE = wholemodule;
				VALIDATE_PRODUCT = YES;
			};
			name = Release;
		};
		490E00BE2CC19D0E003E1515 /* Debug */ = {
			isa = XCBuildConfiguration;
			buildSettings = {
				ASSETCATALOG_COMPILER_APPICON_NAME = AppIcon;
				ASSETCATALOG_COMPILER_GLOBAL_ACCENT_COLOR_NAME = AccentColor;
				CODE_SIGN_ENTITLEMENTS = DynamicTypeStyles/DynamicTypeStyles.entitlements;
				CODE_SIGN_STYLE = Automatic;
				CURRENT_PROJECT_VERSION = 1;
				DEVELOPMENT_TEAM = QYMB49HS92;
				GENERATE_INFOPLIST_FILE = YES;
				INFOPLIST_FILE = DynamicTypeStyles/Info.plist;
				INFOPLIST_KEY_UIApplicationSupportsIndirectInputEvents = YES;
				INFOPLIST_KEY_UILaunchStoryboardName = LaunchScreen;
				INFOPLIST_KEY_UIMainStoryboardFile = Main;
				INFOPLIST_KEY_UISupportedInterfaceOrientations_iPad = "UIInterfaceOrientationPortrait UIInterfaceOrientationPortraitUpsideDown UIInterfaceOrientationLandscapeLeft UIInterfaceOrientationLandscapeRight";
				INFOPLIST_KEY_UISupportedInterfaceOrientations_iPhone = "UIInterfaceOrientationPortrait UIInterfaceOrientationLandscapeLeft UIInterfaceOrientationLandscapeRight";
				LD_RUNPATH_SEARCH_PATHS = (
					"$(inherited)",
					"@executable_path/Frameworks",
				);
				MARKETING_VERSION = 1.0;
				PRODUCT_BUNDLE_IDENTIFIER = com.rabbit3times.DynamicTypeStyles;
				PRODUCT_NAME = "$(TARGET_NAME)";
				SUPPORTED_PLATFORMS = "iphoneos iphonesimulator";
				SUPPORTS_MACCATALYST = YES;
				SUPPORTS_MAC_DESIGNED_FOR_IPHONE_IPAD = NO;
				SUPPORTS_XR_DESIGNED_FOR_IPHONE_IPAD = NO;
				SWIFT_EMIT_LOC_STRINGS = YES;
				SWIFT_VERSION = 5.0;
				TARGETED_DEVICE_FAMILY = "1,2";
			};
			name = Debug;
		};
		490E00BF2CC19D0E003E1515 /* Release */ = {
			isa = XCBuildConfiguration;
			buildSettings = {
				ASSETCATALOG_COMPILER_APPICON_NAME = AppIcon;
				ASSETCATALOG_COMPILER_GLOBAL_ACCENT_COLOR_NAME = AccentColor;
				CODE_SIGN_ENTITLEMENTS = DynamicTypeStyles/DynamicTypeStyles.entitlements;
				CODE_SIGN_STYLE = Automatic;
				CURRENT_PROJECT_VERSION = 1;
				DEVELOPMENT_TEAM = QYMB49HS92;
				GENERATE_INFOPLIST_FILE = YES;
				INFOPLIST_FILE = DynamicTypeStyles/Info.plist;
				INFOPLIST_KEY_UIApplicationSupportsIndirectInputEvents = YES;
				INFOPLIST_KEY_UILaunchStoryboardName = LaunchScreen;
				INFOPLIST_KEY_UIMainStoryboardFile = Main;
				INFOPLIST_KEY_UISupportedInterfaceOrientations_iPad = "UIInterfaceOrientationPortrait UIInterfaceOrientationPortraitUpsideDown UIInterfaceOrientationLandscapeLeft UIInterfaceOrientationLandscapeRight";
				INFOPLIST_KEY_UISupportedInterfaceOrientations_iPhone = "UIInterfaceOrientationPortrait UIInterfaceOrientationLandscapeLeft UIInterfaceOrientationLandscapeRight";
				LD_RUNPATH_SEARCH_PATHS = (
					"$(inherited)",
					"@executable_path/Frameworks",
				);
				MARKETING_VERSION = 1.0;
				PRODUCT_BUNDLE_IDENTIFIER = com.rabbit3times.DynamicTypeStyles;
				PRODUCT_NAME = "$(TARGET_NAME)";
				SUPPORTED_PLATFORMS = "iphoneos iphonesimulator";
				SUPPORTS_MACCATALYST = YES;
				SUPPORTS_MAC_DESIGNED_FOR_IPHONE_IPAD = NO;
				SUPPORTS_XR_DESIGNED_FOR_IPHONE_IPAD = NO;
				SWIFT_EMIT_LOC_STRINGS = YES;
				SWIFT_VERSION = 5.0;
				TARGETED_DEVICE_FAMILY = "1,2";
			};
			name = Release;
		};
/* End XCBuildConfiguration section */

/* Begin XCConfigurationList section */
		490E00A42CC19D0D003E1515 /* Build configuration list for PBXProject "DynamicTypeStyles" */ = {
			isa = XCConfigurationList;
			buildConfigurations = (
				490E00BB2CC19D0E003E1515 /* Debug */,
				490E00BC2CC19D0E003E1515 /* Release */,
			);
			defaultConfigurationIsVisible = 0;
			defaultConfigurationName = Release;
		};
		490E00BD2CC19D0E003E1515 /* Build configuration list for PBXNativeTarget "DynamicTypeStyles" */ = {
			isa = XCConfigurationList;
			buildConfigurations = (
				490E00BE2CC19D0E003E1515 /* Debug */,
				490E00BF2CC19D0E003E1515 /* Release */,
			);
			defaultConfigurationIsVisible = 0;
			defaultConfigurationName = Release;
		};
/* End XCConfigurationList section */

/* Begin XCLocalSwiftPackageReference section */
		490E01D52CC2ECB6003E1515 /* XCLocalSwiftPackageReference "../SharedFonts" */ = {
			isa = XCLocalSwiftPackageReference;
			relativePath = ../SharedFonts;
		};
/* End XCLocalSwiftPackageReference section */

/* Begin XCSwiftPackageProductDependency section */
		490E01D62CC2ECB6003E1515 /* SharedFonts */ = {
			isa = XCSwiftPackageProductDependency;
			productName = SharedFonts;
		};
/* End XCSwiftPackageProductDependency section */
	};
	rootObject = 490E00A12CC19D0D003E1515 /* Project object */;
}
